PODS:
  - CocoaLumberjack (1.7.0):
    - CocoaLumberjack/Core (= 1.7.0)
    - CocoaLumberjack/Extensions (= 1.7.0)
  - CocoaLumberjack/Core (1.7.0)
  - CocoaLumberjack/Extensions (1.7.0):
    - CocoaLumberjack/Core
  - DTCoreText (1.6.17):
    - DTFoundation/Core (~> 1.7.5)
    - DTFoundation/DTAnimatedGIF (~> 1.7.5)
    - DTFoundation/DTHTMLParser (~> 1.7.5)
    - DTFoundation/UIKit (~> 1.7.5)
  - DTFoundation/Core (1.7.10)
  - DTFoundation/DTAnimatedGIF (1.7.10)
  - DTFoundation/DTHTMLParser (1.7.10):
    - DTFoundation/Core
  - DTFoundation/UIKit (1.7.10):
    - DTFoundation/Core
  - FXImageView (1.3.5)
  - HyphenateFullSDK (3.1.3)
  - Reachability (3.1.1)
  - VKFoundation (0.1.1):
    - CocoaLumberjack (~> 1.7.0)
    - DTCoreText (~> 1.6.11)
    - FXImageView (~> 1.3.3)
    - Reachability (~> 3.1.1)
  - VKVideoPlayer (0.1.4):
    - CocoaLumberjack (~> 1.7.0)
    - DTCoreText (~> 1.6.11)
    - VKFoundation (= 0.1.1)

DEPENDENCIES:
  - HyphenateFullSDK
  - VKVideoPlayer (~> 0.1.1)

SPEC CHECKSUMS:
  CocoaLumberjack: a2213b8410917a1a5ecfc5c63a4206edc24d3a5b
  DTCoreText: 3ea8bba23dd2141ba18adb227a7dd33a822df1c4
  DTFoundation: 3b6b1b817d2a7fb02e7eaf2596c922a68145bd43
  FXImageView: 7d84722b37f0afea9a64f12fdd4a6c7f9ecc4b16
  HyphenateFullSDK: 8b5b092055480308a47c9bb9b78baed7f45f7713
  Reachability: dd9aa4fb6667b9f787690a74f53cb7634ce99893
  VKFoundation: a3d26de016870f705a256c5c6dbab57865c4e99a
  VKVideoPlayer: 75d0c44d8cd208dd01ae397d2e75c52cfc51dd19

COCOAPODS: 0.39.0
