PODS:
  - EaseMobSDK (2.2.1)

DEPENDENCIES:
  - EaseMobSDK (from `https://github.com/easemob/sdk-ios-cocoapods.git`)

EXTERNAL SOURCES:
  EaseMobSDK:
    :git: https://github.com/easemob/sdk-ios-cocoapods.git

CHECKOUT OPTIONS:
  EaseMobSDK:
    :commit: 310614cc1ab4c11686211e2e7f34a66ef4605460
    :git: https://github.com/easemob/sdk-ios-cocoapods.git

SPEC CHECKSUMS:
  EaseMobSDK: fb3586666015a02d63f41dbb3707bce82ab9f18b

COCOAPODS: 0.39.0
